// !$*UTF8*$!
{
	archiveVersion = 1;
	classes = {
	};
	objectVersion = 50;
	objects = {

/* Begin PBXBuildFile section */
		BF2D714D2763A79500DC04FC /* EmployeeManager.swift in Sources */ = {isa = PBXBuildFile; fileRef = BF2D714C2763A79400DC04FC /* EmployeeManager.swift */; };
		BF389F3D275E2BAA00A90760 /* SearchViewController.swift in Sources */ = {isa = PBXBuildFile; fileRef = BF389F3C275E2BAA00A90760 /* SearchViewController.swift */; };
		BF716024275DC3DA009AADAE /* AppDelegate.swift in Sources */ = {isa = PBXBuildFile; fileRef = BF716023275DC3DA009AADAE /* AppDelegate.swift */; };
		BF716026275DC3DA009AADAE /* SceneDelegate.swift in Sources */ = {isa = PBXBuildFile; fileRef = BF716025275DC3DA009AADAE /* SceneDelegate.swift */; };
		BF716028275DC3DA009AADAE /* EmployeeListViewController.swift in Sources */ = {isa = PBXBuildFile; fileRef = BF716027275DC3DA009AADAE /* EmployeeListViewController.swift */; };
		BF71602B275DC3DA009AADAE /* Main.storyboard in Resources */ = {isa = PBXBuildFile; fileRef = BF716029275DC3DA009AADAE /* Main.storyboard */; };
		BF71602D275DC3DA009AADAE /* Assets.xcassets in Resources */ = {isa = PBXBuildFile; fileRef = BF71602C275DC3DA009AADAE /* Assets.xcassets */; };
		BF716030275DC3DA009AADAE /* LaunchScreen.storyboard in Resources */ = {isa = PBXBuildFile; fileRef = BF71602E275DC3DA009AADAE /* LaunchScreen.storyboard */; };
		BF71603D275DC65B009AADAE /* EmployeeCell.swift in Sources */ = {isa = PBXBuildFile; fileRef = BF71603C275DC65B009AADAE /* EmployeeCell.swift */; };
		BF716040275DCB36009AADAE /* Employee.swift in Sources */ = {isa = PBXBuildFile; fileRef = BF71603F275DCB36009AADAE /* Employee.swift */; };
/* End PBXBuildFile section */

/* Begin PBXFileReference section */
		BF2D714C2763A79400DC04FC /* EmployeeManager.swift */ = {isa = PBXFileReference; fileEncoding = 4; lastKnownFileType = sourcecode.swift; path = EmployeeManager.swift; sourceTree = "<group>"; };
		BF389F3C275E2BAA00A90760 /* SearchViewController.swift */ = {isa = PBXFileReference; lastKnownFileType = sourcecode.swift; path = SearchViewController.swift; sourceTree = "<group>"; };
		BF716020275DC3DA009AADAE /* APIExample.app */ = {isa = PBXFileReference; explicitFileType = wrapper.application; includeInIndex = 0; path = APIExample.app; sourceTree = BUILT_PRODUCTS_DIR; };
		BF716023275DC3DA009AADAE /* AppDelegate.swift */ = {isa = PBXFileReference; lastKnownFileType = sourcecode.swift; path = AppDelegate.swift; sourceTree = "<group>"; };
		BF716025275DC3DA009AADAE /* SceneDelegate.swift */ = {isa = PBXFileReference; lastKnownFileType = sourcecode.swift; path = SceneDelegate.swift; sourceTree = "<group>"; };
		BF716027275DC3DA009AADAE /* EmployeeListViewController.swift */ = {isa = PBXFileReference; lastKnownFileType = sourcecode.swift; path = EmployeeListViewController.swift; sourceTree = "<group>"; };
		BF71602A275DC3DA009AADAE /* Base */ = {isa = PBXFileReference; lastKnownFileType = file.storyboard; name = Base; path = Base.lproj/Main.storyboard; sourceTree = "<group>"; };
		BF71602C275DC3DA009AADAE /* Assets.xcassets */ = {isa = PBXFileReference; lastKnownFileType = folder.assetcatalog; path = Assets.xcassets; sourceTree = "<group>"; };
		BF71602F275DC3DA009AADAE /* Base */ = {isa = PBXFileReference; lastKnownFileType = file.storyboard; name = Base; path = Base.lproj/LaunchScreen.storyboard; sourceTree = "<group>"; };
		BF716031275DC3DA009AADAE /* Info.plist */ = {isa = PBXFileReference; lastKnownFileType = text.plist.xml; path = Info.plist; sourceTree = "<group>"; };
		BF71603C275DC65B009AADAE /* EmployeeCell.swift */ = {isa = PBXFileReference; lastKnownFileType = sourcecode.swift; path = EmployeeCell.swift; sourceTree = "<group>"; };
		BF71603F275DCB36009AADAE /* Employee.swift */ = {isa = PBXFileReference; lastKnownFileType = sourcecode.swift; path = Employee.swift; sourceTree = "<group>"; };
/* End PBXFileReference section */

/* Begin PBXFrameworksBuildPhase section */
		BF71601D275DC3DA009AADAE /* Frameworks */ = {
			isa = PBXFrameworksBuildPhase;
			buildActionMask = 2147483647;
			files = (
			);
			runOnlyForDeploymentPostprocessing = 0;
		};
/* End PBXFrameworksBuildPhase section */

/* Begin PBXGroup section */
		BF716017275DC3DA009AADAE = {
			isa = PBXGroup;
			children = (
				BF716022275DC3DA009AADAE /* APIExample */,
				BF716021275DC3DA009AADAE /* Products */,
			);
			sourceTree = "<group>";
		};
		BF716021275DC3DA009AADAE /* Products */ = {
			isa = PBXGroup;
			children = (
				BF716020275DC3DA009AADAE /* APIExample.app */,
			);
			name = Products;
			sourceTree = "<group>";
		};
		BF716022275DC3DA009AADAE /* APIExample */ = {
			isa = PBXGroup;
			children = (
				BF716023275DC3DA009AADAE /* AppDelegate.swift */,
				BF716025275DC3DA009AADAE /* SceneDelegate.swift */,
				BF389F3C275E2BAA00A90760 /* SearchViewController.swift */,
				BF716027275DC3DA009AADAE /* EmployeeListViewController.swift */,
				BF71603C275DC65B009AADAE /* EmployeeCell.swift */,
				BF71603F275DCB36009AADAE /* Employee.swift */,
				BF2D714C2763A79400DC04FC /* EmployeeManager.swift */,
				BF716029275DC3DA009AADAE /* Main.storyboard */,
				BF71602C275DC3DA009AADAE /* Assets.xcassets */,
				BF71602E275DC3DA009AADAE /* LaunchScreen.storyboard */,
				BF716031275DC3DA009AADAE /* Info.plist */,
			);
			path = APIExample;
			sourceTree = "<group>";
		};
/* End PBXGroup section */

/* Begin PBXNativeTarget section */
		BF71601F275DC3DA009AADAE /* APIExample */ = {
			isa = PBXNativeTarget;
			buildConfigurationList = BF716034275DC3DA009AADAE /* Build configuration list for PBXNativeTarget "APIExample" */;
			buildPhases = (
				BF71601C275DC3DA009AADAE /* Sources */,
				BF71601D275DC3DA009AADAE /* Frameworks */,
				BF71601E275DC3DA009AADAE /* Resources */,
			);
			buildRules = (
			);
			dependencies = (
			);
			name = APIExample;
			productName = APIExample;
			productReference = BF716020275DC3DA009AADAE /* APIExample.app */;
			productType = "com.apple.product-type.application";
		};
/* End PBXNativeTarget section */

/* Begin PBXProject section */
		BF716018275DC3DA009AADAE /* Project object */ = {
			isa = PBXProject;
			attributes = {
				LastSwiftUpdateCheck = 1210;
				LastUpgradeCheck = 1210;
				TargetAttributes = {
					BF71601F275DC3DA009AADAE = {
						CreatedOnToolsVersion = 12.1;
					};
				};
			};
			buildConfigurationList = BF71601B275DC3DA009AADAE /* Build configuration list for PBXProject "APIExample" */;
			compatibilityVersion = "Xcode 9.3";
			developmentRegion = en;
			hasScannedForEncodings = 0;
			knownRegions = (
				en,
				Base,
			);
			mainGroup = BF716017275DC3DA009AADAE;
			productRefGroup = BF716021275DC3DA009AADAE /* Products */;
			projectDirPath = "";
			projectRoot = "";
			targets = (
				BF71601F275DC3DA009AADAE /* APIExample */,
			);
		};
/* End PBXProject section */

/* Begin PBXResourcesBuildPhase section */
		BF71601E275DC3DA009AADAE /* Resources */ = {
			isa = PBXResourcesBuildPhase;
			buildActionMask = 2147483647;
			files = (
				BF716030275DC3DA009AADAE /* LaunchScreen.storyboard in Resources */,
				BF71602D275DC3DA009AADAE /* Assets.xcassets in Resources */,
				BF71602B275DC3DA009AADAE /* Main.storyboard in Resources */,
			);
			runOnlyForDeploymentPostprocessing = 0;
		};
/* End PBXResourcesBuildPhase section */

/* Begin PBXSourcesBuildPhase section */
		BF71601C275DC3DA009AADAE /* Sources */ = {
			isa = PBXSourcesBuildPhase;
			buildActionMask = 2147483647;
			files = (
				BF716040275DCB36009AADAE /* Employee.swift in Sources */,
				BF389F3D275E2BAA00A90760 /* SearchViewController.swift in Sources */,
				BF716028275DC3DA009AADAE /* EmployeeListViewController.swift in Sources */,
				BF2D714D2763A79500DC04FC /* EmployeeManager.swift in Sources */,
				BF716024275DC3DA009AADAE /* AppDelegate.swift in Sources */,
				BF71603D275DC65B009AADAE /* EmployeeCell.swift in Sources */,
				BF716026275DC3DA009AADAE /* SceneDelegate.swift in Sources */,
			);
			runOnlyForDeploymentPostprocessing = 0;
		};
/* End PBXSourcesBuildPhase section */

/* Begin PBXVariantGroup section */
		BF716029275DC3DA009AADAE /* Main.storyboard */ = {
			isa = PBXVariantGroup;
			children = (
				BF71602A275DC3DA009AADAE /* Base */,
			);
			name = Main.storyboard;
			sourceTree = "<group>";
		};
		BF71602E275DC3DA009AADAE /* LaunchScreen.storyboard */ = {
			isa = PBXVariantGroup;
			children = (
				BF71602F275DC3DA009AADAE /* Base */,
			);
			name = LaunchScreen.storyboard;
			sourceTree = "<group>";
		};
/* End PBXVariantGroup section */

/* Begin XCBuildConfiguration section */
		BF716032275DC3DA009AADAE /* Debug */ = {
			isa = XCBuildConfiguration;
			buildSettings = {
				ALWAYS_SEARCH_USER_PATHS = NO;
				CLANG_ANALYZER_NONNULL = YES;
				CLANG_ANALYZER_NUMBER_OBJECT_CONVERSION = YES_AGGRESSIVE;
				CLANG_CXX_LANGUAGE_STANDARD = "gnu++14";
				CLANG_CXX_LIBRARY = "libc++";
				CLANG_ENABLE_MODULES = YES;
				CLANG_ENABLE_OBJC_ARC = YES;
				CLANG_ENABLE_OBJC_WEAK = YES;
				CLANG_WARN_BLOCK_CAPTURE_AUTORELEASING = YES;
				CLANG_WARN_BOOL_CONVERSION = YES;
				CLANG_WARN_COMMA = YES;
				CLANG_WARN_CONSTANT_CONVERSION = YES;
				CLANG_WARN_DEPRECATED_OBJC_IMPLEMENTATIONS = YES;
				CLANG_WARN_DIRECT_OBJC_ISA_USAGE = YES_ERROR;
				CLANG_WARN_DOCUMENTATION_COMMENTS = YES;
				CLANG_WARN_EMPTY_BODY = YES;
				CLANG_WARN_ENUM_CONVERSION = YES;
				CLANG_WARN_INFINITE_RECURSION = YES;
				CLANG_WARN_INT_CONVERSION = YES;
				CLANG_WARN_NON_LITERAL_NULL_CONVERSION = YES;
				CLANG_WARN_OBJC_IMPLICIT_RETAIN_SELF = YES;
				CLANG_WARN_OBJC_LITERAL_CONVERSION = YES;
				CLANG_WARN_OBJC_ROOT_CLASS = YES_ERROR;
				CLANG_WARN_QUOTED_INCLUDE_IN_FRAMEWORK_HEADER = YES;
				CLANG_WARN_RANGE_LOOP_ANALYSIS = YES;
				CLANG_WARN_STRICT_PROTOTYPES = YES;
				CLANG_WARN_SUSPICIOUS_MOVE = YES;
				CLANG_WARN_UNGUARDED_AVAILABILITY = YES_AGGRESSIVE;
				CLANG_WARN_UNREACHABLE_CODE = YES;
				CLANG_WARN__DUPLICATE_METHOD_MATCH = YES;
				COPY_PHASE_STRIP = NO;
				DEBUG_INFORMATION_FORMAT = dwarf;
				ENABLE_STRICT_OBJC_MSGSEND = YES;
				ENABLE_TESTABILITY = YES;
				GCC_C_LANGUAGE_STANDARD = gnu11;
				GCC_DYNAMIC_NO_PIC = NO;
				GCC_NO_COMMON_BLOCKS = YES;
				GCC_OPTIMIZATION_LEVEL = 0;
				GCC_PREPROCESSOR_DEFINITIONS = (
					"DEBUG=1",
					"$(inherited)",
				);
				GCC_WARN_64_TO_32_BIT_CONVERSION = YES;
				GCC_WARN_ABOUT_RETURN_TYPE = YES_ERROR;
				GCC_WARN_UNDECLARED_SELECTOR = YES;
				GCC_WARN_UNINITIALIZED_AUTOS = YES_AGGRESSIVE;
				GCC_WARN_UNUSED_FUNCTION = YES;
				GCC_WARN_UNUSED_VARIABLE = YES;
				IPHONEOS_DEPLOYMENT_TARGET = 14.1;
				MTL_ENABLE_DEBUG_INFO = INCLUDE_SOURCE;
				MTL_FAST_MATH = YES;
				ONLY_ACTIVE_ARCH = YES;
				SDKROOT = iphoneos;
				SWIFT_ACTIVE_COMPILATION_CONDITIONS = DEBUG;
				SWIFT_OPTIMIZATION_LEVEL = "-Onone";
			};
			name = Debug;
		};
		BF716033275DC3DA009AADAE /* Release */ = {
			isa = XCBuildConfiguration;
			buildSettings = {
				ALWAYS_SEARCH_USER_PATHS = NO;
				CLANG_ANALYZER_NONNULL = YES;
				CLANG_ANALYZER_NUMBER_OBJECT_CONVERSION = YES_AGGRESSIVE;
				CLANG_CXX_LANGUAGE_STANDARD = "gnu++14";
				CLANG_CXX_LIBRARY = "libc++";
				CLANG_ENABLE_MODULES = YES;
				CLANG_ENABLE_OBJC_ARC = YES;
				CLANG_ENABLE_OBJC_WEAK = YES;
				CLANG_WARN_BLOCK_CAPTURE_AUTORELEASING = YES;
				CLANG_WARN_BOOL_CONVERSION = YES;
				CLANG_WARN_COMMA = YES;
				CLANG_WARN_CONSTANT_CONVERSION = YES;
				CLANG_WARN_DEPRECATED_OBJC_IMPLEMENTATIONS = YES;
				CLANG_WARN_DIRECT_OBJC_ISA_USAGE = YES_ERROR;
				CLANG_WARN_DOCUMENTATION_COMMENTS = YES;
				CLANG_WARN_EMPTY_BODY = YES;
				CLANG_WARN_ENUM_CONVERSION = YES;
				CLANG_WARN_INFINITE_RECURSION = YES;
				CLANG_WARN_INT_CONVERSION = YES;
				CLANG_WARN_NON_LITERAL_NULL_CONVERSION = YES;
				CLANG_WARN_OBJC_IMPLICIT_RETAIN_SELF = YES;
				CLANG_WARN_OBJC_LITERAL_CONVERSION = YES;
				CLANG_WARN_OBJC_ROOT_CLASS = YES_ERROR;
				CLANG_WARN_QUOTED_INCLUDE_IN_FRAMEWORK_HEADER = YES;
				CLANG_WARN_RANGE_LOOP_ANALYSIS = YES;
				CLANG_WARN_STRICT_PROTOTYPES = YES;
				CLANG_WARN_SUSPICIOUS_MOVE = YES;
				CLANG_WARN_UNGUARDED_AVAILABILITY = YES_AGGRESSIVE;
				CLANG_WARN_UNREACHABLE_CODE = YES;
				CLANG_WARN__DUPLICATE_METHOD_MATCH = YES;
				COPY_PHASE_STRIP = NO;
				DEBUG_INFORMATION_FORMAT = "dwarf-with-dsym";
				ENABLE_NS_ASSERTIONS = NO;
				ENABLE_STRICT_OBJC_MSGSEND = YES;
				GCC_C_LANGUAGE_STANDARD = gnu11;
				GCC_NO_COMMON_BLOCKS = YES;
				GCC_WARN_64_TO_32_BIT_CONVERSION = YES;
				GCC_WARN_ABOUT_RETURN_TYPE = YES_ERROR;
				GCC_WARN_UNDECLARED_SELECTOR = YES;
				GCC_WARN_UNINITIALIZED_AUTOS = YES_AGGRESSIVE;
				GCC_WARN_UNUSED_FUNCTION = YES;
				GCC_WARN_UNUSED_VARIABLE = YES;
				IPHONEOS_DEPLOYMENT_TARGET = 14.1;
				MTL_ENABLE_DEBUG_INFO = NO;
				MTL_FAST_MATH = YES;
				SDKROOT = iphoneos;
				SWIFT_COMPILATION_MODE = wholemodule;
				SWIFT_OPTIMIZATION_LEVEL = "-O";
				VALIDATE_PRODUCT = YES;
			};
			name = Release;
		};
		BF716035275DC3DA009AADAE /* Debug */ = {
			isa = XCBuildConfiguration;
			buildSettings = {
				ASSETCATALOG_COMPILER_APPICON_NAME = AppIcon;
				ASSETCATALOG_COMPILER_GLOBAL_ACCENT_COLOR_NAME = AccentColor;
				CODE_SIGN_STYLE = Automatic;
				INFOPLIST_FILE = APIExample/Info.plist;
				LD_RUNPATH_SEARCH_PATHS = (
					"$(inherited)",
					"@executable_path/Frameworks",
				);
				PRODUCT_BUNDLE_IDENTIFIER = com.hug.sample.APIExample;
				PRODUCT_NAME = "$(TARGET_NAME)";
				SWIFT_VERSION = 5.0;
				TARGETED_DEVICE_FAMILY = "1,2";
			};
			name = Debug;
		};
		BF716036275DC3DA009AADAE /* Release */ = {
			isa = XCBuildConfiguration;
			buildSettings = {
				ASSETCATALOG_COMPILER_APPICON_NAME = AppIcon;
				ASSETCATALOG_COMPILER_GLOBAL_ACCENT_COLOR_NAME = AccentColor;
				CODE_SIGN_STYLE = Automatic;
				INFOPLIST_FILE = APIExample/Info.plist;
				LD_RUNPATH_SEARCH_PATHS = (
					"$(inherited)",
					"@executable_path/Frameworks",
				);
				PRODUCT_BUNDLE_IDENTIFIER = com.hug.sample.APIExample;
				PRODUCT_NAME = "$(TARGET_NAME)";
				SWIFT_VERSION = 5.0;
				TARGETED_DEVICE_FAMILY = "1,2";
			};
			name = Release;
		};
/* End XCBuildConfiguration section */

/* Begin XCConfigurationList section */
		BF71601B275DC3DA009AADAE /* Build configuration list for PBXProject "APIExample" */ = {
			isa = XCConfigurationList;
			buildConfigurations = (
				BF716032275DC3DA009AADAE /* Debug */,
				BF716033275DC3DA009AADAE /* Release */,
			);
			defaultConfigurationIsVisible = 0;
			defaultConfigurationName = Release;
		};
		BF716034275DC3DA009AADAE /* Build configuration list for PBXNativeTarget "APIExample" */ = {
			isa = XCConfigurationList;
			buildConfigurations = (
				BF716035275DC3DA009AADAE /* Debug */,
				BF716036275DC3DA009AADAE /* Release */,
			);
			defaultConfigurationIsVisible = 0;
			defaultConfigurationName = Release;
		};
/* End XCConfigurationList section */
	};
	rootObject = BF716018275DC3DA009AADAE /* Project object */;
}
